
Microsoft Visual Studio Solution File, Format Version 12.00
# Visual Studio 15
VisualStudioVersion = 15.0.27130.2024
MinimumVisualStudioVersion = 10.0.40219.1
Project("{888888A0-9F3D-457C-B088-3A5042F75D52}") = "fractimation-python", "fractimation-python\fractimation-python.pyproj", "{4CB95BBF-A21F-468C-9905-B699ABC7F5CF}"
EndProject
Global
	GlobalSection(SolutionConfigurationPlatforms) = preSolution
		Debug|Any CPU = Debug|Any CPU
		Release|Any CPU = Release|Any CPU
	EndGlobalSection
	GlobalSection(ProjectConfigurationPlatforms) = postSolution
		{4CB95BBF-A21F-468C-9905-B699ABC7F5CF}.Debug|Any CPU.ActiveCfg = Debug|Any CPU
		{4CB95BBF-A21F-468C-9905-B699ABC7F5CF}.Release|Any CPU.ActiveCfg = Release|Any CPU
	EndGlobalSection
	GlobalSection(SolutionProperties) = preSolution
		HideSolutionNode = FALSE
	EndGlobalSection
	GlobalSection(ExtensibilityGlobals) = postSolution
		SolutionGuid = {275D886F-FE1D-4426-B9A4-8DD1AAC7ED56}
	EndGlobalSection
EndGlobal
